{
  "name": "cafet-api-php",
  "version": "1.0.0",
  "lockfileVersion": 1,
  "requires": true,
  "dependencies": {
    "@openapitools/openapi-generator-cli": {
      "version": "0.0.7-3.0.0",
      "resolved": "https://registry.npmjs.org/@openapitools/openapi-generator-cli/-/openapi-generator-cli-0.0.7-3.0.0.tgz",
      "integrity": "sha512-Qj0WK3xfu59JVoSzATBQZanK20tiatu1A7e44wENANaHbSNTgPH5ucjpi/i1IoU2xWfkzLkR6nCfs/8hzmOOIQ==",
      "dev": true
    }
  }
}
